
Microsoft Visual Studio Solution File, Format Version 12.00
# Visual Studio Version 17
VisualStudioVersion = 17.6.33829.357
MinimumVisualStudioVersion = 10.0.40219.1
Project("{9A19103F-16F7-4668-BE54-9A1E7A4F7556}") = "BarelySliced.Authorization", "BarelySliced.Authorization\BarelySliced.Authorization.csproj", "{A4344539-5E6F-42DE-9867-5B6E56DAFFE4}"
EndProject
Project("{9A19103F-16F7-4668-BE54-9A1E7A4F7556}") = "BarelySliced.AspNetMvc", "BarelySliced.AspNetMvc\BarelySliced.AspNetMvc.csproj", "{DD41531D-26D3-4B8D-B8AA-0018F428C1BC}"
EndProject
Project("{2150E333-8FDC-42A3-9474-1A3956D46DE8}") = "Tests", "Tests", "{789B35F0-0F65-4A08-A787-7A352CC05D50}"
EndProject
Project("{FAE04EC0-301F-11D3-BF4B-00C04F79EFBC}") = "BarelySliced.Authorization.Test", "BarelySliced.Authorization.Test\BarelySliced.Authorization.Test.csproj", "{C6478D77-C2A8-4AF5-9A60-A5633263CA8B}"
EndProject
Global
	GlobalSection(SolutionConfigurationPlatforms) = preSolution
		Debug|Any CPU = Debug|Any CPU
		Release|Any CPU = Release|Any CPU
	EndGlobalSection
	GlobalSection(ProjectConfigurationPlatforms) = postSolution
		{A4344539-5E6F-42DE-9867-5B6E56DAFFE4}.Debug|Any CPU.ActiveCfg = Debug|Any CPU
		{A4344539-5E6F-42DE-9867-5B6E56DAFFE4}.Debug|Any CPU.Build.0 = Debug|Any CPU
		{A4344539-5E6F-42DE-9867-5B6E56DAFFE4}.Release|Any CPU.ActiveCfg = Release|Any CPU
		{A4344539-5E6F-42DE-9867-5B6E56DAFFE4}.Release|Any CPU.Build.0 = Release|Any CPU
		{DD41531D-26D3-4B8D-B8AA-0018F428C1BC}.Debug|Any CPU.ActiveCfg = Debug|Any CPU
		{DD41531D-26D3-4B8D-B8AA-0018F428C1BC}.Debug|Any CPU.Build.0 = Debug|Any CPU
		{DD41531D-26D3-4B8D-B8AA-0018F428C1BC}.Release|Any CPU.ActiveCfg = Release|Any CPU
		{DD41531D-26D3-4B8D-B8AA-0018F428C1BC}.Release|Any CPU.Build.0 = Release|Any CPU
		{C6478D77-C2A8-4AF5-9A60-A5633263CA8B}.Debug|Any CPU.ActiveCfg = Debug|Any CPU
		{C6478D77-C2A8-4AF5-9A60-A5633263CA8B}.Debug|Any CPU.Build.0 = Debug|Any CPU
		{C6478D77-C2A8-4AF5-9A60-A5633263CA8B}.Release|Any CPU.ActiveCfg = Release|Any CPU
		{C6478D77-C2A8-4AF5-9A60-A5633263CA8B}.Release|Any CPU.Build.0 = Release|Any CPU
	EndGlobalSection
	GlobalSection(SolutionProperties) = preSolution
		HideSolutionNode = FALSE
	EndGlobalSection
	GlobalSection(NestedProjects) = preSolution
		{C6478D77-C2A8-4AF5-9A60-A5633263CA8B} = {789B35F0-0F65-4A08-A787-7A352CC05D50}
	EndGlobalSection
	GlobalSection(ExtensibilityGlobals) = postSolution
		SolutionGuid = {16CF68C3-DF14-4001-A53A-94DA2D821B9E}
	EndGlobalSection
EndGlobal
